
Microsoft Visual Studio Solution File, Format Version 12.00
# Visual Studio Version 16
VisualStudioVersion = 16.0.30011.22
MinimumVisualStudioVersion = 10.0.40219.1
Project("{2150E333-8FDC-42A3-9474-1A3956D46DE8}") = "Solution Items", "Solution Items", "{E99D8962-10BA-46C2-8C82-29A861D12C41}"
	ProjectSection(SolutionItems) = preProject
		FunctionsGame.nsh = FunctionsGame.nsh
		FunctionsMisc.nsh = FunctionsMisc.nsh
		FunctionsMods.nsh = FunctionsMods.nsh
		MyPages.nsh = MyPages.nsh
		MySections.nsh = MySections.nsh
		Script.nsi = Script.nsi
		Variables.nsh = Variables.nsh
	EndProjectSection
EndProject
Project("{2150E333-8FDC-42A3-9474-1A3956D46DE8}") = "Languages", "Languages", "{26D29EF6-D177-4AD6-8FEB-8B157A221703}"
	ProjectSection(SolutionItems) = preProject
		lang\English.nsh = lang\English.nsh
		lang\French.nsh = lang\French.nsh
		lang\Italian.nsh = lang\Italian.nsh
		lang\Japanese.nsh = lang\Japanese.nsh
		lang\Korean.nsh = lang\Korean.nsh
		lang\PortugueseBR.nsh = lang\PortugueseBR.nsh
		lang\Russian.nsh = lang\Russian.nsh
		lang\Spanish.nsh = lang\Spanish.nsh
	EndProjectSection
EndProject
Global
	GlobalSection(SolutionProperties) = preSolution
		HideSolutionNode = FALSE
	EndGlobalSection
	GlobalSection(ExtensibilityGlobals) = postSolution
		SolutionGuid = {0A7E152E-59C6-461F-AC54-36A123C5BB4C}
	EndGlobalSection
EndGlobal
